
Microsoft Visual Studio Solution File, Format Version 12.00
# Visual Studio Version 18
VisualStudioVersion = 18.8.12023.21 stable
MinimumVisualStudioVersion = 10.0.40219.1
Project("{FAE04EC0-301F-11D3-BF4B-00C04F79EFBC}") = "LearningHub.UserMigrationService", "LearningHub.UserMigrationService\LearningHub.UserMigrationService.csproj", "{BA5C5061-C3C6-46FA-9BAE-CBFD7251D871}"
EndProject
Project("{FAE04EC0-301F-11D3-BF4B-00C04F79EFBC}") = "LearningHub.UserMigrationService.Tests", "LearningHub.UserMigrationService.Tests\LearningHub.UserMigrationService.Tests.csproj", "{50D46360-D6C1-4BF3-8DEC-103870841A18}"
EndProject
Global
	GlobalSection(SolutionConfigurationPlatforms) = preSolution
		Debug|Any CPU = Debug|Any CPU
		Release|Any CPU = Release|Any CPU
	EndGlobalSection
	GlobalSection(ProjectConfigurationPlatforms) = postSolution
		{BA5C5061-C3C6-46FA-9BAE-CBFD7251D871}.Debug|Any CPU.ActiveCfg = Debug|Any CPU
		{BA5C5061-C3C6-46FA-9BAE-CBFD7251D871}.Debug|Any CPU.Build.0 = Debug|Any CPU
		{BA5C5061-C3C6-46FA-9BAE-CBFD7251D871}.Release|Any CPU.ActiveCfg = Release|Any CPU
		{BA5C5061-C3C6-46FA-9BAE-CBFD7251D871}.Release|Any CPU.Build.0 = Release|Any CPU
		{50D46360-D6C1-4BF3-8DEC-103870841A18}.Debug|Any CPU.ActiveCfg = Debug|Any CPU
		{50D46360-D6C1-4BF3-8DEC-103870841A18}.Debug|Any CPU.Build.0 = Debug|Any CPU
		{50D46360-D6C1-4BF3-8DEC-103870841A18}.Release|Any CPU.ActiveCfg = Release|Any CPU
		{50D46360-D6C1-4BF3-8DEC-103870841A18}.Release|Any CPU.Build.0 = Release|Any CPU
	EndGlobalSection
	GlobalSection(SolutionProperties) = preSolution
		HideSolutionNode = FALSE
	EndGlobalSection
	GlobalSection(ExtensibilityGlobals) = postSolution
		SolutionGuid = {74FE6A62-9599-46AC-9EE9-8B756F5ECAEC}
	EndGlobalSection
EndGlobal
